
Microsoft Visual Studio Solution File, Format Version 12.00
# Visual Studio Version 16
VisualStudioVersion = 16.0.29519.181
MinimumVisualStudioVersion = 10.0.40219.1
Project("{FAE04EC0-301F-11D3-BF4B-00C04F79EFBC}") = "actoong", "actoong\actoong.csproj", "{507BCB61-93CE-4651-A1A5-7240B94518A1}"
EndProject
Global
	GlobalSection(SolutionConfigurationPlatforms) = preSolution
		Debug|Any CPU = Debug|Any CPU
		Release|Any CPU = Release|Any CPU
	EndGlobalSection
	GlobalSection(ProjectConfigurationPlatforms) = postSolution
		{507BCB61-93CE-4651-A1A5-7240B94518A1}.Debug|Any CPU.ActiveCfg = Debug|Any CPU
		{507BCB61-93CE-4651-A1A5-7240B94518A1}.Debug|Any CPU.Build.0 = Debug|Any CPU
		{507BCB61-93CE-4651-A1A5-7240B94518A1}.Release|Any CPU.ActiveCfg = Release|Any CPU
		{507BCB61-93CE-4651-A1A5-7240B94518A1}.Release|Any CPU.Build.0 = Release|Any CPU
	EndGlobalSection
	GlobalSection(SolutionProperties) = preSolution
		HideSolutionNode = FALSE
	EndGlobalSection
	GlobalSection(ExtensibilityGlobals) = postSolution
		SolutionGuid = {538F1EA6-A118-407B-A700-EF48ACBF2695}
	EndGlobalSection
EndGlobal
